PODS:
  - Masonry (1.1.0)
  - ViewControllerTipView (0.0.1):
    - Masonry

DEPENDENCIES:
  - ViewControllerTipView (from `../`)

EXTERNAL SOURCES:
  ViewControllerTipView:
    :path: ../

SPEC CHECKSUMS:
  Masonry: 678fab65091a9290e40e2832a55e7ab731aad201
  ViewControllerTipView: 800e7a7b5f84eef42290232a35322bc9afcf6458

PODFILE CHECKSUM: 6e05767dc3f0ee914bbe09f9686755e181afdbcf

COCOAPODS: 1.4.0
